{
  "nodes": {
    "flake-parts": {
      "inputs": {
        "nixpkgs-lib": "nixpkgs-lib"
      },
      "locked": {
        "lastModified": 1683458821,
        "narHash": "sha256-fBAUiZ0XGoYy9sBud+rR2T18yIeRzb9aVkGBkOjzFwc=",
        "owner": "hercules-ci",
        "repo": "flake-parts",
        "rev": "f3e943c249229affaaabd302e1cc14c769eef9d8",
        "type": "github"
      },
      "original": {
        "owner": "hercules-ci",
        "repo": "flake-parts",
        "type": "github"
      }
    },
    "flake-root": {
      "locked": {
        "lastModified": 1680964220,
        "narHash": "sha256-dIdTYcf+KW9a4pKHsEbddvLVSfR1yiAJynzg2x0nfWg=",
        "owner": "srid",
        "repo": "flake-root",
        "rev": "f1c0b93d05bdbea6c011136ba1a135c80c5b326c",
        "type": "github"
      },
      "original": {
        "owner": "srid",
        "repo": "flake-root",
        "type": "github"
      }
    },
    "haskell-flake": {
      "locked": {
        "lastModified": 1690398210,
        "narHash": "sha256-1wnx2K3U2xmUI5rUulOZ66tcIva+OGWS47dyHdZJjsA=",
        "owner": "srid",
        "repo": "haskell-flake",
        "rev": "d3c8d8be31d3a5dcf9d49e9dacfc570b5c736658",
        "type": "github"
      },
      "original": {
        "owner": "srid",
        "repo": "haskell-flake",
        "type": "github"
      }
    },
    "nixpkgs": {
      "locked": {
        "lastModified": 1691464053,
        "narHash": "sha256-D21ctOBjr2Y3vOFRXKRoFr6uNBvE8q5jC4RrMxRZXTM=",
        "owner": "nixos",
        "repo": "nixpkgs",
        "rev": "844ffa82bbe2a2779c86ab3a72ff1b4176cec467",
        "type": "github"
      },
      "original": {
        "owner": "nixos",
        "ref": "nixpkgs-unstable",
        "repo": "nixpkgs",
        "type": "github"
      }
    },
    "nixpkgs-lib": {
      "locked": {
        "dir": "lib",
        "lastModified": 1682879489,
        "narHash": "sha256-sASwo8gBt7JDnOOstnps90K1wxmVfyhsTPPNTGBPjjg=",
        "owner": "NixOS",
        "repo": "nixpkgs",
        "rev": "da45bf6ec7bbcc5d1e14d3795c025199f28e0de0",
        "type": "github"
      },
      "original": {
        "dir": "lib",
        "owner": "NixOS",
        "ref": "nixos-unstable",
        "repo": "nixpkgs",
        "type": "github"
      }
    },
    "root": {
      "inputs": {
        "flake-parts": "flake-parts",
        "flake-root": "flake-root",
        "haskell-flake": "haskell-flake",
        "nixpkgs": "nixpkgs",
        "treefmt-nix": "treefmt-nix"
      }
    },
    "treefmt-nix": {
      "inputs": {
        "nixpkgs": [
          "nixpkgs"
        ]
      },
      "locked": {
        "lastModified": 1683307174,
        "narHash": "sha256-A7nF2Q+F+Bqs4u6VS4aOzyURfly5f4ZAiihGU0FA29g=",
        "owner": "numtide",
        "repo": "treefmt-nix",
        "rev": "b44794f94514b61512352a18cd77c710f0005f15",
        "type": "github"
      },
      "original": {
        "owner": "numtide",
        "repo": "treefmt-nix",
        "type": "github"
      }
    }
  },
  "root": "root",
  "version": 7
}
